// !$*UTF8*$!
{
	archiveVersion = 1;
	classes = {
	};
	objectVersion = 46;
	objects = {

/* Begin PBXBuildFile section */
		1A7445D4495094A859C66B75 /* Pods.framework in Frameworks */ = {isa = PBXBuildFile; fileRef = 60D43B841C5A46063BD23B7D /* Pods.framework */; };
		CE3768001BE9E6150069055F /* NBActionSheet.swift in Sources */ = {isa = PBXBuildFile; fileRef = CE3767F41BE9E6150069055F /* NBActionSheet.swift */; };
		CE3768011BE9E6150069055F /* NBAlert.swift in Sources */ = {isa = PBXBuildFile; fileRef = CE3767F51BE9E6150069055F /* NBAlert.swift */; };
		CE3768021BE9E6150069055F /* NBApi.swift in Sources */ = {isa = PBXBuildFile; fileRef = CE3767F61BE9E6150069055F /* NBApi.swift */; };
		CE3768031BE9E6150069055F /* NBApiRequest.swift in Sources */ = {isa = PBXBuildFile; fileRef = CE3767F71BE9E6150069055F /* NBApiRequest.swift */; };
		CE3768041BE9E6150069055F /* NBApiResponse.swift in Sources */ = {isa = PBXBuildFile; fileRef = CE3767F81BE9E6150069055F /* NBApiResponse.swift */; };
		CE3768051BE9E6150069055F /* NBColor.swift in Sources */ = {isa = PBXBuildFile; fileRef = CE3767F91BE9E6150069055F /* NBColor.swift */; };
		CE3768061BE9E6150069055F /* NBEntity.swift in Sources */ = {isa = PBXBuildFile; fileRef = CE3767FA1BE9E6150069055F /* NBEntity.swift */; };
		CE3768071BE9E6150069055F /* NBLog.swift in Sources */ = {isa = PBXBuildFile; fileRef = CE3767FB1BE9E6150069055F /* NBLog.swift */; };
		CE3768081BE9E6150069055F /* NBNotification.swift in Sources */ = {isa = PBXBuildFile; fileRef = CE3767FC1BE9E6150069055F /* NBNotification.swift */; };
		CE3768091BE9E6150069055F /* NBReflection.swift in Sources */ = {isa = PBXBuildFile; fileRef = CE3767FD1BE9E6150069055F /* NBReflection.swift */; };
		CE37680A1BE9E6150069055F /* NBView.swift in Sources */ = {isa = PBXBuildFile; fileRef = CE3767FE1BE9E6150069055F /* NBView.swift */; };
		CE37680B1BE9E6150069055F /* NBViewController.swift in Sources */ = {isa = PBXBuildFile; fileRef = CE3767FF1BE9E6150069055F /* NBViewController.swift */; };
		CE37680D1BE9EC210069055F /* NBHud.swift in Sources */ = {isa = PBXBuildFile; fileRef = CE37680C1BE9EC210069055F /* NBHud.swift */; };
		CE37680F1BE9EC2D0069055F /* NBTimer.swift in Sources */ = {isa = PBXBuildFile; fileRef = CE37680E1BE9EC2D0069055F /* NBTimer.swift */; };
		CE3768111BE9EE8D0069055F /* NBModel.swift in Sources */ = {isa = PBXBuildFile; fileRef = CE3768101BE9EE8D0069055F /* NBModel.swift */; };
		CE4236D91BE06425009BB8D3 /* AppApi.swift in Sources */ = {isa = PBXBuildFile; fileRef = CE4236D81BE06425009BB8D3 /* AppApi.swift */; };
		CE42F5AD1BEC983F00338D4E /* NBSlideMenuViewController.swift in Sources */ = {isa = PBXBuildFile; fileRef = CE42F5AC1BEC983F00338D4E /* NBSlideMenuViewController.swift */; };
		CE7767491BE9F0B4008C0351 /* AppModel.swift in Sources */ = {isa = PBXBuildFile; fileRef = CE3768121BE9EF670069055F /* AppModel.swift */; };
		CE77674A1BE9F0BC008C0351 /* ArticleModel.swift in Sources */ = {isa = PBXBuildFile; fileRef = CE3768151BE9EFAB0069055F /* ArticleModel.swift */; };
		CEA9FA4A1BDFBB9F00EA245A /* Main.storyboard in Resources */ = {isa = PBXBuildFile; fileRef = CEA9FA481BDFBB9F00EA245A /* Main.storyboard */; };
		CEA9FA4C1BDFBB9F00EA245A /* Assets.xcassets in Resources */ = {isa = PBXBuildFile; fileRef = CEA9FA4B1BDFBB9F00EA245A /* Assets.xcassets */; };
		CEA9FA4F1BDFBB9F00EA245A /* LaunchScreen.storyboard in Resources */ = {isa = PBXBuildFile; fileRef = CEA9FA4D1BDFBB9F00EA245A /* LaunchScreen.storyboard */; };
		CEAB67831BE233DE007207AA /* TemporaryLibrary.h in Headers */ = {isa = PBXBuildFile; fileRef = CEAB67821BE233DE007207AA /* TemporaryLibrary.h */; settings = {ATTRIBUTES = (Public, ); }; };
		CEAB67871BE233DE007207AA /* TemporaryLibrary.framework in Frameworks */ = {isa = PBXBuildFile; fileRef = CEAB67801BE233DE007207AA /* TemporaryLibrary.framework */; };
		CEAB67881BE233DE007207AA /* TemporaryLibrary.framework in Embed Frameworks */ = {isa = PBXBuildFile; fileRef = CEAB67801BE233DE007207AA /* TemporaryLibrary.framework */; settings = {ATTRIBUTES = (CodeSignOnCopy, RemoveHeadersOnCopy, ); }; };
		CEAB67911BE2D3A0007207AA /* ArticleEntity.swift in Sources */ = {isa = PBXBuildFile; fileRef = CEAB67901BE2D3A0007207AA /* ArticleEntity.swift */; };
		CEAB67951BE2D620007207AA /* Pods.framework in Frameworks */ = {isa = PBXBuildFile; fileRef = CEAB67941BE2D620007207AA /* Pods.framework */; settings = {ATTRIBUTES = (Required, ); }; };
		CEAB67971BE2D735007207AA /* AppEntity.swift in Sources */ = {isa = PBXBuildFile; fileRef = CEAB67961BE2D735007207AA /* AppEntity.swift */; };
		CEAB679C1BE2E2C7007207AA /* AppColor.swift in Sources */ = {isa = PBXBuildFile; fileRef = CEAB67981BE2E2C7007207AA /* AppColor.swift */; };
		CEAB679D1BE2E2C7007207AA /* AppConfig.swift in Sources */ = {isa = PBXBuildFile; fileRef = CEAB67991BE2E2C7007207AA /* AppConfig.swift */; };
		CEAB679E1BE2E2C7007207AA /* AppConstants.swift in Sources */ = {isa = PBXBuildFile; fileRef = CEAB679A1BE2E2C7007207AA /* AppConstants.swift */; };
		CEAB679F1BE2E2C7007207AA /* AppString.swift in Sources */ = {isa = PBXBuildFile; fileRef = CEAB679B1BE2E2C7007207AA /* AppString.swift */; };
		CEAB67A11BE2E3AA007207AA /* AppCommons.swift in Sources */ = {isa = PBXBuildFile; fileRef = CEAB67A01BE2E3AA007207AA /* AppCommons.swift */; };
		CEAB67A31BE2E41B007207AA /* AppImage.swift in Sources */ = {isa = PBXBuildFile; fileRef = CEAB67A21BE2E41B007207AA /* AppImage.swift */; };
		CEB151EB1BF2DE650049387E /* SearchViewController.swift in Sources */ = {isa = PBXBuildFile; fileRef = CEB151E91BF2DE650049387E /* SearchViewController.swift */; };
		CEB151EC1BF2DE650049387E /* SearchViewController.xib in Resources */ = {isa = PBXBuildFile; fileRef = CEB151EA1BF2DE650049387E /* SearchViewController.xib */; };
		CEB151F01BF309E40049387E /* NBSlideTabContentsViewController.swift in Sources */ = {isa = PBXBuildFile; fileRef = CEB151EF1BF309E40049387E /* NBSlideTabContentsViewController.swift */; };
		CEB151F21BF30A250049387E /* NBSlideTabContentsViewController__SAMPLE.swift in Sources */ = {isa = PBXBuildFile; fileRef = CEB151F11BF30A250049387E /* NBSlideTabContentsViewController__SAMPLE.swift */; };
		CEB151FF1BF3209F0049387E /* FavoritesListViewController.swift in Sources */ = {isa = PBXBuildFile; fileRef = CEB151FB1BF3209F0049387E /* FavoritesListViewController.swift */; };
		CEB152001BF3209F0049387E /* SearchListCell.xib in Resources */ = {isa = PBXBuildFile; fileRef = CEB151FC1BF3209F0049387E /* SearchListCell.xib */; };
		CEB152011BF3209F0049387E /* HistoriesListViewController.swift in Sources */ = {isa = PBXBuildFile; fileRef = CEB151FD1BF3209F0049387E /* HistoriesListViewController.swift */; };
		CEB152021BF3209F0049387E /* SuggestListViewController.swift in Sources */ = {isa = PBXBuildFile; fileRef = CEB151FE1BF3209F0049387E /* SuggestListViewController.swift */; };
		CEB152041BF320C60049387E /* SearchListCell.swift in Sources */ = {isa = PBXBuildFile; fileRef = CEB152031BF320C50049387E /* SearchListCell.swift */; };
		CED28FFB1BE22AC600CFD90D /* SettingViewController.swift in Sources */ = {isa = PBXBuildFile; fileRef = CED28FF91BE22AC600CFD90D /* SettingViewController.swift */; };
		CED28FFC1BE22AC600CFD90D /* SettingViewController.xib in Resources */ = {isa = PBXBuildFile; fileRef = CED28FFA1BE22AC600CFD90D /* SettingViewController.xib */; };
		CED28FFF1BE22AD000CFD90D /* MenuViewController.swift in Sources */ = {isa = PBXBuildFile; fileRef = CED28FFD1BE22AD000CFD90D /* MenuViewController.swift */; };
		CED290001BE22AD000CFD90D /* MenuViewController.xib in Resources */ = {isa = PBXBuildFile; fileRef = CED28FFE1BE22AD000CFD90D /* MenuViewController.xib */; };
		CED421231BEDFDDE00F36DA6 /* NBTableViewAdapter.swift in Sources */ = {isa = PBXBuildFile; fileRef = CED421221BEDFDDE00F36DA6 /* NBTableViewAdapter.swift */; };
		CED6A8611BF1C2FB00873FC6 /* NB.swift in Sources */ = {isa = PBXBuildFile; fileRef = CED6A8601BF1C2FB00873FC6 /* NB.swift */; };
		CEE5FA2B1BDFC02800D1624E /* AppDelegate.swift in Sources */ = {isa = PBXBuildFile; fileRef = CEE5FA2A1BDFC02800D1624E /* AppDelegate.swift */; };
		CEE5FA301BDFC16C00D1624E /* AppViewController.swift in Sources */ = {isa = PBXBuildFile; fileRef = CEE5FA2F1BDFC16C00D1624E /* AppViewController.swift */; };
		CEE5FA361BDFC52300D1624E /* MainViewController.swift in Sources */ = {isa = PBXBuildFile; fileRef = CEE5FA341BDFC52300D1624E /* MainViewController.swift */; };
		CEE5FA371BDFC52300D1624E /* MainViewController.xib in Resources */ = {isa = PBXBuildFile; fileRef = CEE5FA351BDFC52300D1624E /* MainViewController.xib */; };
/* End PBXBuildFile section */

/* Begin PBXContainerItemProxy section */
		CEAB67851BE233DE007207AA /* PBXContainerItemProxy */ = {
			isa = PBXContainerItemProxy;
			containerPortal = CEA9FA391BDFBB9F00EA245A /* Project object */;
			proxyType = 1;
			remoteGlobalIDString = CEAB677F1BE233DE007207AA;
			remoteInfo = TemporaryLibrary;
		};
/* End PBXContainerItemProxy section */

/* Begin PBXCopyFilesBuildPhase section */
		CEAB678C1BE233DE007207AA /* Embed Frameworks */ = {
			isa = PBXCopyFilesBuildPhase;
			buildActionMask = 2147483647;
			dstPath = "";
			dstSubfolderSpec = 10;
			files = (
				CEAB67881BE233DE007207AA /* TemporaryLibrary.framework in Embed Frameworks */,
			);
			name = "Embed Frameworks";
			runOnlyForDeploymentPostprocessing = 0;
		};
/* End PBXCopyFilesBuildPhase section */

/* Begin PBXFileReference section */
		21E7DC76BE66AFF67763D7E1 /* Pods.release.xcconfig */ = {isa = PBXFileReference; includeInIndex = 1; lastKnownFileType = text.xcconfig; name = Pods.release.xcconfig; path = "Pods/Target Support Files/Pods/Pods.release.xcconfig"; sourceTree = "<group>"; };
		5B579CF7FBD0B3E9EEC53D0D /* Pods.debug.xcconfig */ = {isa = PBXFileReference; includeInIndex = 1; lastKnownFileType = text.xcconfig; name = Pods.debug.xcconfig; path = "Pods/Target Support Files/Pods/Pods.debug.xcconfig"; sourceTree = "<group>"; };
		60D43B841C5A46063BD23B7D /* Pods.framework */ = {isa = PBXFileReference; explicitFileType = wrapper.framework; includeInIndex = 0; path = Pods.framework; sourceTree = BUILT_PRODUCTS_DIR; };
		CE3767F41BE9E6150069055F /* NBActionSheet.swift */ = {isa = PBXFileReference; fileEncoding = 4; lastKnownFileType = sourcecode.swift; path = NBActionSheet.swift; sourceTree = "<group>"; };
		CE3767F51BE9E6150069055F /* NBAlert.swift */ = {isa = PBXFileReference; fileEncoding = 4; lastKnownFileType = sourcecode.swift; path = NBAlert.swift; sourceTree = "<group>"; };
		CE3767F61BE9E6150069055F /* NBApi.swift */ = {isa = PBXFileReference; fileEncoding = 4; lastKnownFileType = sourcecode.swift; path = NBApi.swift; sourceTree = "<group>"; };
		CE3767F71BE9E6150069055F /* NBApiRequest.swift */ = {isa = PBXFileReference; fileEncoding = 4; lastKnownFileType = sourcecode.swift; path = NBApiRequest.swift; sourceTree = "<group>"; };
		CE3767F81BE9E6150069055F /* NBApiResponse.swift */ = {isa = PBXFileReference; fileEncoding = 4; lastKnownFileType = sourcecode.swift; path = NBApiResponse.swift; sourceTree = "<group>"; };
		CE3767F91BE9E6150069055F /* NBColor.swift */ = {isa = PBXFileReference; fileEncoding = 4; lastKnownFileType = sourcecode.swift; path = NBColor.swift; sourceTree = "<group>"; };
		CE3767FA1BE9E6150069055F /* NBEntity.swift */ = {isa = PBXFileReference; fileEncoding = 4; lastKnownFileType = sourcecode.swift; path = NBEntity.swift; sourceTree = "<group>"; };
		CE3767FB1BE9E6150069055F /* NBLog.swift */ = {isa = PBXFileReference; fileEncoding = 4; lastKnownFileType = sourcecode.swift; path = NBLog.swift; sourceTree = "<group>"; };
		CE3767FC1BE9E6150069055F /* NBNotification.swift */ = {isa = PBXFileReference; fileEncoding = 4; lastKnownFileType = sourcecode.swift; path = NBNotification.swift; sourceTree = "<group>"; };
		CE3767FD1BE9E6150069055F /* NBReflection.swift */ = {isa = PBXFileReference; fileEncoding = 4; lastKnownFileType = sourcecode.swift; path = NBReflection.swift; sourceTree = "<group>"; };
		CE3767FE1BE9E6150069055F /* NBView.swift */ = {isa = PBXFileReference; fileEncoding = 4; lastKnownFileType = sourcecode.swift; path = NBView.swift; sourceTree = "<group>"; };
		CE3767FF1BE9E6150069055F /* NBViewController.swift */ = {isa = PBXFileReference; fileEncoding = 4; lastKnownFileType = sourcecode.swift; path = NBViewController.swift; sourceTree = "<group>"; };
		CE37680C1BE9EC210069055F /* NBHud.swift */ = {isa = PBXFileReference; fileEncoding = 4; lastKnownFileType = sourcecode.swift; path = NBHud.swift; sourceTree = "<group>"; };
		CE37680E1BE9EC2D0069055F /* NBTimer.swift */ = {isa = PBXFileReference; fileEncoding = 4; lastKnownFileType = sourcecode.swift; path = NBTimer.swift; sourceTree = "<group>"; };
		CE3768101BE9EE8D0069055F /* NBModel.swift */ = {isa = PBXFileReference; fileEncoding = 4; lastKnownFileType = sourcecode.swift; path = NBModel.swift; sourceTree = "<group>"; };
		CE3768121BE9EF670069055F /* AppModel.swift */ = {isa = PBXFileReference; fileEncoding = 4; lastKnownFileType = sourcecode.swift; name = AppModel.swift; path = Wikipedia/Classes/Bases/AppModel.swift; sourceTree = "<group>"; };
		CE3768151BE9EFAB0069055F /* ArticleModel.swift */ = {isa = PBXFileReference; fileEncoding = 4; lastKnownFileType = sourcecode.swift; name = ArticleModel.swift; path = Wikipedia/Classes/Models/ArticleModel.swift; sourceTree = "<group>"; };
		CE4236D81BE06425009BB8D3 /* AppApi.swift */ = {isa = PBXFileReference; fileEncoding = 4; lastKnownFileType = sourcecode.swift; name = AppApi.swift; path = Wikipedia/Classes/API/AppApi.swift; sourceTree = "<group>"; };
		CE42F5AC1BEC983F00338D4E /* NBSlideMenuViewController.swift */ = {isa = PBXFileReference; fileEncoding = 4; lastKnownFileType = sourcecode.swift; path = NBSlideMenuViewController.swift; sourceTree = "<group>"; };
		CEA9FA411BDFBB9F00EA245A /* Wikipedia.app */ = {isa = PBXFileReference; explicitFileType = wrapper.application; includeInIndex = 0; path = Wikipedia.app; sourceTree = BUILT_PRODUCTS_DIR; };
		CEA9FA491BDFBB9F00EA245A /* Base */ = {isa = PBXFileReference; lastKnownFileType = file.storyboard; name = Base; path = Base.lproj/Main.storyboard; sourceTree = "<group>"; };
		CEA9FA4B1BDFBB9F00EA245A /* Assets.xcassets */ = {isa = PBXFileReference; lastKnownFileType = folder.assetcatalog; path = Assets.xcassets; sourceTree = "<group>"; };
		CEA9FA4E1BDFBB9F00EA245A /* Base */ = {isa = PBXFileReference; lastKnownFileType = file.storyboard; name = Base; path = Base.lproj/LaunchScreen.storyboard; sourceTree = "<group>"; };
		CEA9FA501BDFBB9F00EA245A /* Info.plist */ = {isa = PBXFileReference; lastKnownFileType = text.plist.xml; path = Info.plist; sourceTree = "<group>"; };
		CEAB67801BE233DE007207AA /* TemporaryLibrary.framework */ = {isa = PBXFileReference; explicitFileType = wrapper.framework; includeInIndex = 0; path = TemporaryLibrary.framework; sourceTree = BUILT_PRODUCTS_DIR; };
		CEAB67821BE233DE007207AA /* TemporaryLibrary.h */ = {isa = PBXFileReference; lastKnownFileType = sourcecode.c.h; path = TemporaryLibrary.h; sourceTree = "<group>"; };
		CEAB67841BE233DE007207AA /* Info.plist */ = {isa = PBXFileReference; lastKnownFileType = text.plist.xml; path = Info.plist; sourceTree = "<group>"; };
		CEAB67901BE2D3A0007207AA /* ArticleEntity.swift */ = {isa = PBXFileReference; fileEncoding = 4; lastKnownFileType = sourcecode.swift; name = ArticleEntity.swift; path = Wikipedia/Classes/Entities/ArticleEntity.swift; sourceTree = "<group>"; };
		CEAB67941BE2D620007207AA /* Pods.framework */ = {isa = PBXFileReference; lastKnownFileType = wrapper.framework; name = Pods.framework; path = "Pods/../build/Debug-iphoneos/Pods.framework"; sourceTree = "<group>"; };
		CEAB67961BE2D735007207AA /* AppEntity.swift */ = {isa = PBXFileReference; fileEncoding = 4; lastKnownFileType = sourcecode.swift; name = AppEntity.swift; path = Wikipedia/Classes/Bases/AppEntity.swift; sourceTree = "<group>"; };
		CEAB67981BE2E2C7007207AA /* AppColor.swift */ = {isa = PBXFileReference; fileEncoding = 4; lastKnownFileType = sourcecode.swift; name = AppColor.swift; path = Wikipedia/Classes/Cores/AppColor.swift; sourceTree = "<group>"; };
		CEAB67991BE2E2C7007207AA /* AppConfig.swift */ = {isa = PBXFileReference; fileEncoding = 4; lastKnownFileType = sourcecode.swift; name = AppConfig.swift; path = Wikipedia/Classes/Cores/AppConfig.swift; sourceTree = "<group>"; };
		CEAB679A1BE2E2C7007207AA /* AppConstants.swift */ = {isa = PBXFileReference; fileEncoding = 4; lastKnownFileType = sourcecode.swift; name = AppConstants.swift; path = Wikipedia/Classes/Cores/AppConstants.swift; sourceTree = "<group>"; };
		CEAB679B1BE2E2C7007207AA /* AppString.swift */ = {isa = PBXFileReference; fileEncoding = 4; lastKnownFileType = sourcecode.swift; name = AppString.swift; path = Wikipedia/Classes/Cores/AppString.swift; sourceTree = "<group>"; };
		CEAB67A01BE2E3AA007207AA /* AppCommons.swift */ = {isa = PBXFileReference; fileEncoding = 4; lastKnownFileType = sourcecode.swift; name = AppCommons.swift; path = Wikipedia/Classes/Cores/AppCommons.swift; sourceTree = "<group>"; };
		CEAB67A21BE2E41B007207AA /* AppImage.swift */ = {isa = PBXFileReference; fileEncoding = 4; lastKnownFileType = sourcecode.swift; name = AppImage.swift; path = Wikipedia/Classes/Cores/AppImage.swift; sourceTree = "<group>"; };
		CEB151E91BF2DE650049387E /* SearchViewController.swift */ = {isa = PBXFileReference; fileEncoding = 4; lastKnownFileType = sourcecode.swift; name = SearchViewController.swift; path = Wikipedia/Classes/Schenes/Search/SearchViewController.swift; sourceTree = "<group>"; };
		CEB151EA1BF2DE650049387E /* SearchViewController.xib */ = {isa = PBXFileReference; fileEncoding = 4; lastKnownFileType = file.xib; name = SearchViewController.xib; path = Wikipedia/Classes/Schenes/Search/SearchViewController.xib; sourceTree = "<group>"; };
		CEB151EF1BF309E40049387E /* NBSlideTabContentsViewController.swift */ = {isa = PBXFileReference; fileEncoding = 4; lastKnownFileType = sourcecode.swift; path = NBSlideTabContentsViewController.swift; sourceTree = "<group>"; };
		CEB151F11BF30A250049387E /* NBSlideTabContentsViewController__SAMPLE.swift */ = {isa = PBXFileReference; fileEncoding = 4; lastKnownFileType = sourcecode.swift; path = NBSlideTabContentsViewController__SAMPLE.swift; sourceTree = "<group>"; };
		CEB151FB1BF3209F0049387E /* FavoritesListViewController.swift */ = {isa = PBXFileReference; fileEncoding = 4; lastKnownFileType = sourcecode.swift; name = FavoritesListViewController.swift; path = Wikipedia/Classes/Schenes/Search/FavoritesListViewController.swift; sourceTree = "<group>"; };
		CEB151FC1BF3209F0049387E /* SearchListCell.xib */ = {isa = PBXFileReference; fileEncoding = 4; lastKnownFileType = file.xib; name = SearchListCell.xib; path = Wikipedia/Classes/Schenes/Search/SearchListCell.xib; sourceTree = "<group>"; };
		CEB151FD1BF3209F0049387E /* HistoriesListViewController.swift */ = {isa = PBXFileReference; fileEncoding = 4; lastKnownFileType = sourcecode.swift; name = HistoriesListViewController.swift; path = Wikipedia/Classes/Schenes/Search/HistoriesListViewController.swift; sourceTree = "<group>"; };
		CEB151FE1BF3209F0049387E /* SuggestListViewController.swift */ = {isa = PBXFileReference; fileEncoding = 4; lastKnownFileType = sourcecode.swift; name = SuggestListViewController.swift; path = Wikipedia/Classes/Schenes/Search/SuggestListViewController.swift; sourceTree = "<group>"; };
		CEB152031BF320C50049387E /* SearchListCell.swift */ = {isa = PBXFileReference; fileEncoding = 4; lastKnownFileType = sourcecode.swift; name = SearchListCell.swift; path = Wikipedia/Classes/Schenes/Search/SearchListCell.swift; sourceTree = "<group>"; };
		CED28FF91BE22AC600CFD90D /* SettingViewController.swift */ = {isa = PBXFileReference; fileEncoding = 4; lastKnownFileType = sourcecode.swift; name = SettingViewController.swift; path = Wikipedia/Classes/Schenes/Setting/SettingViewController.swift; sourceTree = "<group>"; };
		CED28FFA1BE22AC600CFD90D /* SettingViewController.xib */ = {isa = PBXFileReference; fileEncoding = 4; lastKnownFileType = file.xib; name = SettingViewController.xib; path = Wikipedia/Classes/Schenes/Setting/SettingViewController.xib; sourceTree = "<group>"; };
		CED28FFD1BE22AD000CFD90D /* MenuViewController.swift */ = {isa = PBXFileReference; fileEncoding = 4; lastKnownFileType = sourcecode.swift; name = MenuViewController.swift; path = Wikipedia/Classes/Schenes/Menu/MenuViewController.swift; sourceTree = "<group>"; };
		CED28FFE1BE22AD000CFD90D /* MenuViewController.xib */ = {isa = PBXFileReference; fileEncoding = 4; lastKnownFileType = file.xib; name = MenuViewController.xib; path = Wikipedia/Classes/Schenes/Menu/MenuViewController.xib; sourceTree = "<group>"; };
		CED421221BEDFDDE00F36DA6 /* NBTableViewAdapter.swift */ = {isa = PBXFileReference; fileEncoding = 4; lastKnownFileType = sourcecode.swift; path = NBTableViewAdapter.swift; sourceTree = "<group>"; };
		CED6A8601BF1C2FB00873FC6 /* NB.swift */ = {isa = PBXFileReference; fileEncoding = 4; lastKnownFileType = sourcecode.swift; path = NB.swift; sourceTree = "<group>"; };
		CEE5FA291BDFC02700D1624E /* Wikipedia-Bridging-Header.h */ = {isa = PBXFileReference; lastKnownFileType = sourcecode.c.h; path = "Wikipedia-Bridging-Header.h"; sourceTree = SOURCE_ROOT; };
		CEE5FA2A1BDFC02800D1624E /* AppDelegate.swift */ = {isa = PBXFileReference; fileEncoding = 4; lastKnownFileType = sourcecode.swift; name = AppDelegate.swift; path = Wikipedia/Classes/Cores/AppDelegate.swift; sourceTree = "<group>"; };
		CEE5FA2F1BDFC16C00D1624E /* AppViewController.swift */ = {isa = PBXFileReference; fileEncoding = 4; lastKnownFileType = sourcecode.swift; name = AppViewController.swift; path = Wikipedia/Classes/Bases/AppViewController.swift; sourceTree = "<group>"; };
		CEE5FA341BDFC52300D1624E /* MainViewController.swift */ = {isa = PBXFileReference; fileEncoding = 4; lastKnownFileType = sourcecode.swift; name = MainViewController.swift; path = Wikipedia/Classes/Schenes/Main/MainViewController.swift; sourceTree = "<group>"; };
		CEE5FA351BDFC52300D1624E /* MainViewController.xib */ = {isa = PBXFileReference; fileEncoding = 4; lastKnownFileType = file.xib; name = MainViewController.xib; path = Wikipedia/Classes/Schenes/Main/MainViewController.xib; sourceTree = "<group>"; };
/* End PBXFileReference section */

/* Begin PBXFrameworksBuildPhase section */
		CEA9FA3E1BDFBB9F00EA245A /* Frameworks */ = {
			isa = PBXFrameworksBuildPhase;
			buildActionMask = 2147483647;
			files = (
				CEAB67871BE233DE007207AA /* TemporaryLibrary.framework in Frameworks */,
				1A7445D4495094A859C66B75 /* Pods.framework in Frameworks */,
			);
			runOnlyForDeploymentPostprocessing = 0;
		};
		CEAB677C1BE233DE007207AA /* Frameworks */ = {
			isa = PBXFrameworksBuildPhase;
			buildActionMask = 2147483647;
			files = (
				CEAB67951BE2D620007207AA /* Pods.framework in Frameworks */,
			);
			runOnlyForDeploymentPostprocessing = 0;
		};
/* End PBXFrameworksBuildPhase section */

/* Begin PBXGroup section */
		3969F708445A52B3B422C844 /* Pods */ = {
			isa = PBXGroup;
			children = (
				5B579CF7FBD0B3E9EEC53D0D /* Pods.debug.xcconfig */,
				21E7DC76BE66AFF67763D7E1 /* Pods.release.xcconfig */,
			);
			name = Pods;
			sourceTree = "<group>";
		};
		CE3768141BE9EF740069055F /* Models */ = {
			isa = PBXGroup;
			children = (
				CE3768151BE9EFAB0069055F /* ArticleModel.swift */,
			);
			name = Models;
			sourceTree = "<group>";
		};
		CE4236D71BE0640B009BB8D3 /* API */ = {
			isa = PBXGroup;
			children = (
				CE4236D81BE06425009BB8D3 /* AppApi.swift */,
			);
			name = API;
			sourceTree = "<group>";
		};
		CEA9FA381BDFBB9F00EA245A = {
			isa = PBXGroup;
			children = (
				CEE5FA261BDFBFEF00D1624E /* Classes */,
				CEA9FA431BDFBB9F00EA245A /* Wikipedia */,
				CEAB67811BE233DE007207AA /* TemporaryLibrary */,
				CEA9FA421BDFBB9F00EA245A /* Products */,
				3969F708445A52B3B422C844 /* Pods */,
				E07371E26EB26132316F3A7E /* Frameworks */,
			);
			sourceTree = "<group>";
		};
		CEA9FA421BDFBB9F00EA245A /* Products */ = {
			isa = PBXGroup;
			children = (
				CEA9FA411BDFBB9F00EA245A /* Wikipedia.app */,
				CEAB67801BE233DE007207AA /* TemporaryLibrary.framework */,
			);
			name = Products;
			sourceTree = "<group>";
		};
		CEA9FA431BDFBB9F00EA245A /* Wikipedia */ = {
			isa = PBXGroup;
			children = (
				CEA9FA481BDFBB9F00EA245A /* Main.storyboard */,
				CEA9FA4B1BDFBB9F00EA245A /* Assets.xcassets */,
				CEA9FA4D1BDFBB9F00EA245A /* LaunchScreen.storyboard */,
				CEE5FA291BDFC02700D1624E /* Wikipedia-Bridging-Header.h */,
				CEA9FA501BDFBB9F00EA245A /* Info.plist */,
			);
			path = Wikipedia;
			sourceTree = "<group>";
		};
		CEAB67811BE233DE007207AA /* TemporaryLibrary */ = {
			isa = PBXGroup;
			children = (
				CEAB67821BE233DE007207AA /* TemporaryLibrary.h */,
				CEAB67841BE233DE007207AA /* Info.plist */,
				CED6A8601BF1C2FB00873FC6 /* NB.swift */,
				CE3767F41BE9E6150069055F /* NBActionSheet.swift */,
				CE3767F51BE9E6150069055F /* NBAlert.swift */,
				CE3767F61BE9E6150069055F /* NBApi.swift */,
				CE3767F71BE9E6150069055F /* NBApiRequest.swift */,
				CE3767F81BE9E6150069055F /* NBApiResponse.swift */,
				CE3767F91BE9E6150069055F /* NBColor.swift */,
				CE3767FA1BE9E6150069055F /* NBEntity.swift */,
				CE37680C1BE9EC210069055F /* NBHud.swift */,
				CE3767FB1BE9E6150069055F /* NBLog.swift */,
				CE3768101BE9EE8D0069055F /* NBModel.swift */,
				CE3767FC1BE9E6150069055F /* NBNotification.swift */,
				CE3767FD1BE9E6150069055F /* NBReflection.swift */,
				CEB151EF1BF309E40049387E /* NBSlideTabContentsViewController.swift */,
				CEB151F11BF30A250049387E /* NBSlideTabContentsViewController__SAMPLE.swift */,
				CE42F5AC1BEC983F00338D4E /* NBSlideMenuViewController.swift */,
				CED421221BEDFDDE00F36DA6 /* NBTableViewAdapter.swift */,
				CE37680E1BE9EC2D0069055F /* NBTimer.swift */,
				CE3767FE1BE9E6150069055F /* NBView.swift */,
				CE3767FF1BE9E6150069055F /* NBViewController.swift */,
			);
			path = TemporaryLibrary;
			sourceTree = "<group>";
		};
		CEAB678F1BE2D357007207AA /* Entities */ = {
			isa = PBXGroup;
			children = (
				CEAB67901BE2D3A0007207AA /* ArticleEntity.swift */,
			);
			name = Entities;
			sourceTree = "<group>";
		};
		CEB151E81BF2DE4E0049387E /* Search */ = {
			isa = PBXGroup;
			children = (
				CEB151E91BF2DE650049387E /* SearchViewController.swift */,
				CEB151EA1BF2DE650049387E /* SearchViewController.xib */,
				CEB152031BF320C50049387E /* SearchListCell.swift */,
				CEB151FC1BF3209F0049387E /* SearchListCell.xib */,
				CEB151FB1BF3209F0049387E /* FavoritesListViewController.swift */,
				CEB151FD1BF3209F0049387E /* HistoriesListViewController.swift */,
				CEB151FE1BF3209F0049387E /* SuggestListViewController.swift */,
			);
			name = Search;
			sourceTree = "<group>";
		};
		CED28FED1BE22A2A00CFD90D /* Setting */ = {
			isa = PBXGroup;
			children = (
				CED28FF91BE22AC600CFD90D /* SettingViewController.swift */,
				CED28FFA1BE22AC600CFD90D /* SettingViewController.xib */,
			);
			name = Setting;
			sourceTree = "<group>";
		};
		CED28FF01BE22A7300CFD90D /* Menu */ = {
			isa = PBXGroup;
			children = (
				CED28FFD1BE22AD000CFD90D /* MenuViewController.swift */,
				CED28FFE1BE22AD000CFD90D /* MenuViewController.xib */,
			);
			name = Menu;
			sourceTree = "<group>";
		};
		CEE5FA261BDFBFEF00D1624E /* Classes */ = {
			isa = PBXGroup;
			children = (
				CE4236D71BE0640B009BB8D3 /* API */,
				CEAB678F1BE2D357007207AA /* Entities */,
				CEE5FA2E1BDFC14900D1624E /* Bases */,
				CEE5FA281BDFC01A00D1624E /* Cores */,
				CE3768141BE9EF740069055F /* Models */,
				CEE5FA271BDFC01200D1624E /* Scenes */,
			);
			name = Classes;
			sourceTree = "<group>";
		};
		CEE5FA271BDFC01200D1624E /* Scenes */ = {
			isa = PBXGroup;
			children = (
				CEE5FA331BDFC4DE00D1624E /* Main */,
				CEB151E81BF2DE4E0049387E /* Search */,
				CED28FF01BE22A7300CFD90D /* Menu */,
				CED28FED1BE22A2A00CFD90D /* Setting */,
			);
			name = Scenes;
			sourceTree = "<group>";
		};
		CEE5FA281BDFC01A00D1624E /* Cores */ = {
			isa = PBXGroup;
			children = (
				CEE5FA2A1BDFC02800D1624E /* AppDelegate.swift */,
				CEAB67981BE2E2C7007207AA /* AppColor.swift */,
				CEAB67991BE2E2C7007207AA /* AppConfig.swift */,
				CEAB67A01BE2E3AA007207AA /* AppCommons.swift */,
				CEAB679A1BE2E2C7007207AA /* AppConstants.swift */,
				CEAB67A21BE2E41B007207AA /* AppImage.swift */,
				CEAB679B1BE2E2C7007207AA /* AppString.swift */,
			);
			name = Cores;
			sourceTree = "<group>";
		};
		CEE5FA2E1BDFC14900D1624E /* Bases */ = {
			isa = PBXGroup;
			children = (
				CEAB67961BE2D735007207AA /* AppEntity.swift */,
				CE3768121BE9EF670069055F /* AppModel.swift */,
				CEE5FA2F1BDFC16C00D1624E /* AppViewController.swift */,
			);
			name = Bases;
			sourceTree = "<group>";
		};
		CEE5FA331BDFC4DE00D1624E /* Main */ = {
			isa = PBXGroup;
			children = (
				CEE5FA341BDFC52300D1624E /* MainViewController.swift */,
				CEE5FA351BDFC52300D1624E /* MainViewController.xib */,
			);
			name = Main;
			sourceTree = "<group>";
		};
		E07371E26EB26132316F3A7E /* Frameworks */ = {
			isa = PBXGroup;
			children = (
				CEAB67941BE2D620007207AA /* Pods.framework */,
				60D43B841C5A46063BD23B7D /* Pods.framework */,
			);
			name = Frameworks;
			sourceTree = "<group>";
		};
/* End PBXGroup section */

/* Begin PBXHeadersBuildPhase section */
		CEAB677D1BE233DE007207AA /* Headers */ = {
			isa = PBXHeadersBuildPhase;
			buildActionMask = 2147483647;
			files = (
				CEAB67831BE233DE007207AA /* TemporaryLibrary.h in Headers */,
			);
			runOnlyForDeploymentPostprocessing = 0;
		};
/* End PBXHeadersBuildPhase section */

/* Begin PBXNativeTarget section */
		CEA9FA401BDFBB9F00EA245A /* Wikipedia */ = {
			isa = PBXNativeTarget;
			buildConfigurationList = CEA9FA531BDFBB9F00EA245A /* Build configuration list for PBXNativeTarget "Wikipedia" */;
			buildPhases = (
				121F2443B4C6D3953F4084A6 /* Check Pods Manifest.lock */,
				CEA9FA3D1BDFBB9F00EA245A /* Sources */,
				CEA9FA3E1BDFBB9F00EA245A /* Frameworks */,
				CEA9FA3F1BDFBB9F00EA245A /* Resources */,
				4337F38C1911DE8434F2EA17 /* Embed Pods Frameworks */,
				4377B74CCC049B1BB98CE602 /* Copy Pods Resources */,
				CEAB678C1BE233DE007207AA /* Embed Frameworks */,
			);
			buildRules = (
			);
			dependencies = (
				CEAB67861BE233DE007207AA /* PBXTargetDependency */,
			);
			name = Wikipedia;
			productName = Wikipedia;
			productReference = CEA9FA411BDFBB9F00EA245A /* Wikipedia.app */;
			productType = "com.apple.product-type.application";
		};
		CEAB677F1BE233DE007207AA /* TemporaryLibrary */ = {
			isa = PBXNativeTarget;
			buildConfigurationList = CEAB678B1BE233DE007207AA /* Build configuration list for PBXNativeTarget "TemporaryLibrary" */;
			buildPhases = (
				CEAB677B1BE233DE007207AA /* Sources */,
				CEAB677C1BE233DE007207AA /* Frameworks */,
				CEAB677D1BE233DE007207AA /* Headers */,
				CEAB677E1BE233DE007207AA /* Resources */,
			);
			buildRules = (
			);
			dependencies = (
			);
			name = TemporaryLibrary;
			productName = TemporaryLibrary;
			productReference = CEAB67801BE233DE007207AA /* TemporaryLibrary.framework */;
			productType = "com.apple.product-type.framework";
		};
/* End PBXNativeTarget section */

/* Begin PBXProject section */
		CEA9FA391BDFBB9F00EA245A /* Project object */ = {
			isa = PBXProject;
			attributes = {
				LastSwiftUpdateCheck = 0710;
				LastUpgradeCheck = 0710;
				ORGANIZATIONNAME = NeroBlu;
				TargetAttributes = {
					CEA9FA401BDFBB9F00EA245A = {
						CreatedOnToolsVersion = 7.1;
						DevelopmentTeam = MLK6HQFJ3K;
					};
					CEAB677F1BE233DE007207AA = {
						CreatedOnToolsVersion = 7.1;
					};
				};
			};
			buildConfigurationList = CEA9FA3C1BDFBB9F00EA245A /* Build configuration list for PBXProject "Wikipedia" */;
			compatibilityVersion = "Xcode 3.2";
			developmentRegion = English;
			hasScannedForEncodings = 0;
			knownRegions = (
				en,
				Base,
			);
			mainGroup = CEA9FA381BDFBB9F00EA245A;
			productRefGroup = CEA9FA421BDFBB9F00EA245A /* Products */;
			projectDirPath = "";
			projectRoot = "";
			targets = (
				CEA9FA401BDFBB9F00EA245A /* Wikipedia */,
				CEAB677F1BE233DE007207AA /* TemporaryLibrary */,
			);
		};
/* End PBXProject section */

/* Begin PBXResourcesBuildPhase section */
		CEA9FA3F1BDFBB9F00EA245A /* Resources */ = {
			isa = PBXResourcesBuildPhase;
			buildActionMask = 2147483647;
			files = (
				CED28FFC1BE22AC600CFD90D /* SettingViewController.xib in Resources */,
				CEA9FA4F1BDFBB9F00EA245A /* LaunchScreen.storyboard in Resources */,
				CED290001BE22AD000CFD90D /* MenuViewController.xib in Resources */,
				CEA9FA4C1BDFBB9F00EA245A /* Assets.xcassets in Resources */,
				CEB152001BF3209F0049387E /* SearchListCell.xib in Resources */,
				CEA9FA4A1BDFBB9F00EA245A /* Main.storyboard in Resources */,
				CEB151EC1BF2DE650049387E /* SearchViewController.xib in Resources */,
				CEE5FA371BDFC52300D1624E /* MainViewController.xib in Resources */,
			);
			runOnlyForDeploymentPostprocessing = 0;
		};
		CEAB677E1BE233DE007207AA /* Resources */ = {
			isa = PBXResourcesBuildPhase;
			buildActionMask = 2147483647;
			files = (
			);
			runOnlyForDeploymentPostprocessing = 0;
		};
/* End PBXResourcesBuildPhase section */

/* Begin PBXShellScriptBuildPhase section */
		121F2443B4C6D3953F4084A6 /* Check Pods Manifest.lock */ = {
			isa = PBXShellScriptBuildPhase;
			buildActionMask = 2147483647;
			files = (
			);
			inputPaths = (
			);
			name = "Check Pods Manifest.lock";
			outputPaths = (
			);
			runOnlyForDeploymentPostprocessing = 0;
			shellPath = /bin/sh;
			shellScript = "diff \"${PODS_ROOT}/../Podfile.lock\" \"${PODS_ROOT}/Manifest.lock\" > /dev/null\nif [[ $? != 0 ]] ; then\n    cat << EOM\nerror: The sandbox is not in sync with the Podfile.lock. Run 'pod install' or update your CocoaPods installation.\nEOM\n    exit 1\nfi\n";
			showEnvVarsInLog = 0;
		};
		4337F38C1911DE8434F2EA17 /* Embed Pods Frameworks */ = {
			isa = PBXShellScriptBuildPhase;
			buildActionMask = 2147483647;
			files = (
			);
			inputPaths = (
			);
			name = "Embed Pods Frameworks";
			outputPaths = (
			);
			runOnlyForDeploymentPostprocessing = 0;
			shellPath = /bin/sh;
			shellScript = "\"${SRCROOT}/Pods/Target Support Files/Pods/Pods-frameworks.sh\"\n";
			showEnvVarsInLog = 0;
		};
		4377B74CCC049B1BB98CE602 /* Copy Pods Resources */ = {
			isa = PBXShellScriptBuildPhase;
			buildActionMask = 2147483647;
			files = (
			);
			inputPaths = (
			);
			name = "Copy Pods Resources";
			outputPaths = (
			);
			runOnlyForDeploymentPostprocessing = 0;
			shellPath = /bin/sh;
			shellScript = "\"${SRCROOT}/Pods/Target Support Files/Pods/Pods-resources.sh\"\n";
			showEnvVarsInLog = 0;
		};
/* End PBXShellScriptBuildPhase section */

/* Begin PBXSourcesBuildPhase section */
		CEA9FA3D1BDFBB9F00EA245A /* Sources */ = {
			isa = PBXSourcesBuildPhase;
			buildActionMask = 2147483647;
			files = (
				CEB152011BF3209F0049387E /* HistoriesListViewController.swift in Sources */,
				CE77674A1BE9F0BC008C0351 /* ArticleModel.swift in Sources */,
				CE7767491BE9F0B4008C0351 /* AppModel.swift in Sources */,
				CEAB67971BE2D735007207AA /* AppEntity.swift in Sources */,
				CEAB679F1BE2E2C7007207AA /* AppString.swift in Sources */,
				CEB151EB1BF2DE650049387E /* SearchViewController.swift in Sources */,
				CEAB679C1BE2E2C7007207AA /* AppColor.swift in Sources */,
				CEAB679D1BE2E2C7007207AA /* AppConfig.swift in Sources */,
				CEAB67911BE2D3A0007207AA /* ArticleEntity.swift in Sources */,
				CEE5FA361BDFC52300D1624E /* MainViewController.swift in Sources */,
				CEE5FA301BDFC16C00D1624E /* AppViewController.swift in Sources */,
				CE4236D91BE06425009BB8D3 /* AppApi.swift in Sources */,
				CEAB679E1BE2E2C7007207AA /* AppConstants.swift in Sources */,
				CEB151FF1BF3209F0049387E /* FavoritesListViewController.swift in Sources */,
				CED28FFF1BE22AD000CFD90D /* MenuViewController.swift in Sources */,
				CEAB67A11BE2E3AA007207AA /* AppCommons.swift in Sources */,
				CEE5FA2B1BDFC02800D1624E /* AppDelegate.swift in Sources */,
				CED28FFB1BE22AC600CFD90D /* SettingViewController.swift in Sources */,
				CEAB67A31BE2E41B007207AA /* AppImage.swift in Sources */,
				CEB152041BF320C60049387E /* SearchListCell.swift in Sources */,
				CEB152021BF3209F0049387E /* SuggestListViewController.swift in Sources */,
			);
			runOnlyForDeploymentPostprocessing = 0;
		};
		CEAB677B1BE233DE007207AA /* Sources */ = {
			isa = PBXSourcesBuildPhase;
			buildActionMask = 2147483647;
			files = (
				CE37680B1BE9E6150069055F /* NBViewController.swift in Sources */,
				CE42F5AD1BEC983F00338D4E /* NBSlideMenuViewController.swift in Sources */,
				CE3768071BE9E6150069055F /* NBLog.swift in Sources */,
				CEB151F01BF309E40049387E /* NBSlideTabContentsViewController.swift in Sources */,
				CE3768031BE9E6150069055F /* NBApiRequest.swift in Sources */,
				CE37680F1BE9EC2D0069055F /* NBTimer.swift in Sources */,
				CE3768111BE9EE8D0069055F /* NBModel.swift in Sources */,
				CE37680D1BE9EC210069055F /* NBHud.swift in Sources */,
				CE3768061BE9E6150069055F /* NBEntity.swift in Sources */,
				CE37680A1BE9E6150069055F /* NBView.swift in Sources */,
				CED421231BEDFDDE00F36DA6 /* NBTableViewAdapter.swift in Sources */,
				CE3768081BE9E6150069055F /* NBNotification.swift in Sources */,
				CED6A8611BF1C2FB00873FC6 /* NB.swift in Sources */,
				CE3768021BE9E6150069055F /* NBApi.swift in Sources */,
				CEB151F21BF30A250049387E /* NBSlideTabContentsViewController__SAMPLE.swift in Sources */,
				CE3768011BE9E6150069055F /* NBAlert.swift in Sources */,
				CE3768091BE9E6150069055F /* NBReflection.swift in Sources */,
				CE3768041BE9E6150069055F /* NBApiResponse.swift in Sources */,
				CE3768001BE9E6150069055F /* NBActionSheet.swift in Sources */,
				CE3768051BE9E6150069055F /* NBColor.swift in Sources */,
			);
			runOnlyForDeploymentPostprocessing = 0;
		};
/* End PBXSourcesBuildPhase section */

/* Begin PBXTargetDependency section */
		CEAB67861BE233DE007207AA /* PBXTargetDependency */ = {
			isa = PBXTargetDependency;
			target = CEAB677F1BE233DE007207AA /* TemporaryLibrary */;
			targetProxy = CEAB67851BE233DE007207AA /* PBXContainerItemProxy */;
		};
/* End PBXTargetDependency section */

/* Begin PBXVariantGroup section */
		CEA9FA481BDFBB9F00EA245A /* Main.storyboard */ = {
			isa = PBXVariantGroup;
			children = (
				CEA9FA491BDFBB9F00EA245A /* Base */,
			);
			name = Main.storyboard;
			sourceTree = "<group>";
		};
		CEA9FA4D1BDFBB9F00EA245A /* LaunchScreen.storyboard */ = {
			isa = PBXVariantGroup;
			children = (
				CEA9FA4E1BDFBB9F00EA245A /* Base */,
			);
			name = LaunchScreen.storyboard;
			sourceTree = "<group>";
		};
/* End PBXVariantGroup section */

/* Begin XCBuildConfiguration section */
		CEA9FA511BDFBB9F00EA245A /* Debug */ = {
			isa = XCBuildConfiguration;
			buildSettings = {
				ALWAYS_SEARCH_USER_PATHS = NO;
				CLANG_CXX_LANGUAGE_STANDARD = "gnu++0x";
				CLANG_CXX_LIBRARY = "libc++";
				CLANG_ENABLE_MODULES = YES;
				CLANG_ENABLE_OBJC_ARC = YES;
				CLANG_WARN_BOOL_CONVERSION = YES;
				CLANG_WARN_CONSTANT_CONVERSION = YES;
				CLANG_WARN_DIRECT_OBJC_ISA_USAGE = YES_ERROR;
				CLANG_WARN_EMPTY_BODY = YES;
				CLANG_WARN_ENUM_CONVERSION = YES;
				CLANG_WARN_INT_CONVERSION = YES;
				CLANG_WARN_OBJC_ROOT_CLASS = YES_ERROR;
				CLANG_WARN_UNREACHABLE_CODE = YES;
				CLANG_WARN__DUPLICATE_METHOD_MATCH = YES;
				"CODE_SIGN_IDENTITY[sdk=iphoneos*]" = "iPhone Developer";
				COPY_PHASE_STRIP = NO;
				DEBUG_INFORMATION_FORMAT = dwarf;
				ENABLE_STRICT_OBJC_MSGSEND = YES;
				ENABLE_TESTABILITY = YES;
				GCC_C_LANGUAGE_STANDARD = gnu99;
				GCC_DYNAMIC_NO_PIC = NO;
				GCC_NO_COMMON_BLOCKS = YES;
				GCC_OPTIMIZATION_LEVEL = 0;
				GCC_PREPROCESSOR_DEFINITIONS = (
					"DEBUG=1",
					"$(inherited)",
				);
				GCC_WARN_64_TO_32_BIT_CONVERSION = YES;
				GCC_WARN_ABOUT_RETURN_TYPE = YES_ERROR;
				GCC_WARN_UNDECLARED_SELECTOR = YES;
				GCC_WARN_UNINITIALIZED_AUTOS = YES_AGGRESSIVE;
				GCC_WARN_UNUSED_FUNCTION = YES;
				GCC_WARN_UNUSED_VARIABLE = YES;
				IPHONEOS_DEPLOYMENT_TARGET = 9.0;
				MTL_ENABLE_DEBUG_INFO = YES;
				ONLY_ACTIVE_ARCH = YES;
				SDKROOT = iphoneos;
				SWIFT_OPTIMIZATION_LEVEL = "-Onone";
			};
			name = Debug;
		};
		CEA9FA521BDFBB9F00EA245A /* Release */ = {
			isa = XCBuildConfiguration;
			buildSettings = {
				ALWAYS_SEARCH_USER_PATHS = NO;
				CLANG_CXX_LANGUAGE_STANDARD = "gnu++0x";
				CLANG_CXX_LIBRARY = "libc++";
				CLANG_ENABLE_MODULES = YES;
				CLANG_ENABLE_OBJC_ARC = YES;
				CLANG_WARN_BOOL_CONVERSION = YES;
				CLANG_WARN_CONSTANT_CONVERSION = YES;
				CLANG_WARN_DIRECT_OBJC_ISA_USAGE = YES_ERROR;
				CLANG_WARN_EMPTY_BODY = YES;
				CLANG_WARN_ENUM_CONVERSION = YES;
				CLANG_WARN_INT_CONVERSION = YES;
				CLANG_WARN_OBJC_ROOT_CLASS = YES_ERROR;
				CLANG_WARN_UNREACHABLE_CODE = YES;
				CLANG_WARN__DUPLICATE_METHOD_MATCH = YES;
				"CODE_SIGN_IDENTITY[sdk=iphoneos*]" = "iPhone Developer";
				COPY_PHASE_STRIP = NO;
				DEBUG_INFORMATION_FORMAT = "dwarf-with-dsym";
				ENABLE_NS_ASSERTIONS = NO;
				ENABLE_STRICT_OBJC_MSGSEND = YES;
				GCC_C_LANGUAGE_STANDARD = gnu99;
				GCC_NO_COMMON_BLOCKS = YES;
				GCC_WARN_64_TO_32_BIT_CONVERSION = YES;
				GCC_WARN_ABOUT_RETURN_TYPE = YES_ERROR;
				GCC_WARN_UNDECLARED_SELECTOR = YES;
				GCC_WARN_UNINITIALIZED_AUTOS = YES_AGGRESSIVE;
				GCC_WARN_UNUSED_FUNCTION = YES;
				GCC_WARN_UNUSED_VARIABLE = YES;
				IPHONEOS_DEPLOYMENT_TARGET = 9.0;
				MTL_ENABLE_DEBUG_INFO = NO;
				SDKROOT = iphoneos;
				VALIDATE_PRODUCT = YES;
			};
			name = Release;
		};
		CEA9FA541BDFBB9F00EA245A /* Debug */ = {
			isa = XCBuildConfiguration;
			baseConfigurationReference = 5B579CF7FBD0B3E9EEC53D0D /* Pods.debug.xcconfig */;
			buildSettings = {
				ASSETCATALOG_COMPILER_APPICON_NAME = AppIcon;
				CLANG_ENABLE_MODULES = YES;
				CODE_SIGN_IDENTITY = "iPhone Developer";
				EMBEDDED_CONTENT_CONTAINS_SWIFT = YES;
				INFOPLIST_FILE = Wikipedia/Info.plist;
				IPHONEOS_DEPLOYMENT_TARGET = 9.0;
				LD_RUNPATH_SEARCH_PATHS = "$(inherited) @executable_path/Frameworks";
				PRODUCT_BUNDLE_IDENTIFIER = jp.co.neroblu.wikipedia;
				PRODUCT_NAME = "$(TARGET_NAME)";
				SWIFT_OBJC_BRIDGING_HEADER = "Wikipedia-Bridging-Header.h";
				SWIFT_OPTIMIZATION_LEVEL = "-Onone";
			};
			name = Debug;
		};
		CEA9FA551BDFBB9F00EA245A /* Release */ = {
			isa = XCBuildConfiguration;
			baseConfigurationReference = 21E7DC76BE66AFF67763D7E1 /* Pods.release.xcconfig */;
			buildSettings = {
				ASSETCATALOG_COMPILER_APPICON_NAME = AppIcon;
				CLANG_ENABLE_MODULES = YES;
				CODE_SIGN_IDENTITY = "iPhone Developer";
				EMBEDDED_CONTENT_CONTAINS_SWIFT = YES;
				INFOPLIST_FILE = Wikipedia/Info.plist;
				IPHONEOS_DEPLOYMENT_TARGET = 9.0;
				LD_RUNPATH_SEARCH_PATHS = "$(inherited) @executable_path/Frameworks";
				PRODUCT_BUNDLE_IDENTIFIER = jp.co.neroblu.wikipedia;
				PRODUCT_NAME = "$(TARGET_NAME)";
				SWIFT_OBJC_BRIDGING_HEADER = "Wikipedia-Bridging-Header.h";
			};
			name = Release;
		};
		CEAB67891BE233DE007207AA /* Debug */ = {
			isa = XCBuildConfiguration;
			buildSettings = {
				CLANG_ENABLE_MODULES = YES;
				CURRENT_PROJECT_VERSION = 1;
				DEFINES_MODULE = YES;
				DYLIB_COMPATIBILITY_VERSION = 1;
				DYLIB_CURRENT_VERSION = 1;
				DYLIB_INSTALL_NAME_BASE = "@rpath";
				FRAMEWORK_SEARCH_PATHS = "$(inherited)";
				INFOPLIST_FILE = TemporaryLibrary/Info.plist;
				INSTALL_PATH = "$(LOCAL_LIBRARY_DIR)/Frameworks";
				IPHONEOS_DEPLOYMENT_TARGET = 9.0;
				LD_RUNPATH_SEARCH_PATHS = "$(inherited) @executable_path/Frameworks @loader_path/Frameworks";
				PRODUCT_BUNDLE_IDENTIFIER = jp.co.neroblu.TemporaryLibrary;
				PRODUCT_NAME = "$(TARGET_NAME)";
				SKIP_INSTALL = YES;
				SWIFT_OPTIMIZATION_LEVEL = "-Onone";
				TARGETED_DEVICE_FAMILY = "1,2";
				VERSIONING_SYSTEM = "apple-generic";
				VERSION_INFO_PREFIX = "";
			};
			name = Debug;
		};
		CEAB678A1BE233DE007207AA /* Release */ = {
			isa = XCBuildConfiguration;
			buildSettings = {
				CLANG_ENABLE_MODULES = YES;
				CURRENT_PROJECT_VERSION = 1;
				DEFINES_MODULE = YES;
				DYLIB_COMPATIBILITY_VERSION = 1;
				DYLIB_CURRENT_VERSION = 1;
				DYLIB_INSTALL_NAME_BASE = "@rpath";
				FRAMEWORK_SEARCH_PATHS = "$(inherited)";
				INFOPLIST_FILE = TemporaryLibrary/Info.plist;
				INSTALL_PATH = "$(LOCAL_LIBRARY_DIR)/Frameworks";
				IPHONEOS_DEPLOYMENT_TARGET = 9.0;
				LD_RUNPATH_SEARCH_PATHS = "$(inherited) @executable_path/Frameworks @loader_path/Frameworks";
				PRODUCT_BUNDLE_IDENTIFIER = jp.co.neroblu.TemporaryLibrary;
				PRODUCT_NAME = "$(TARGET_NAME)";
				SKIP_INSTALL = YES;
				TARGETED_DEVICE_FAMILY = "1,2";
				VERSIONING_SYSTEM = "apple-generic";
				VERSION_INFO_PREFIX = "";
			};
			name = Release;
		};
/* End XCBuildConfiguration section */

/* Begin XCConfigurationList section */
		CEA9FA3C1BDFBB9F00EA245A /* Build configuration list for PBXProject "Wikipedia" */ = {
			isa = XCConfigurationList;
			buildConfigurations = (
				CEA9FA511BDFBB9F00EA245A /* Debug */,
				CEA9FA521BDFBB9F00EA245A /* Release */,
			);
			defaultConfigurationIsVisible = 0;
			defaultConfigurationName = Release;
		};
		CEA9FA531BDFBB9F00EA245A /* Build configuration list for PBXNativeTarget "Wikipedia" */ = {
			isa = XCConfigurationList;
			buildConfigurations = (
				CEA9FA541BDFBB9F00EA245A /* Debug */,
				CEA9FA551BDFBB9F00EA245A /* Release */,
			);
			defaultConfigurationIsVisible = 0;
			defaultConfigurationName = Release;
		};
		CEAB678B1BE233DE007207AA /* Build configuration list for PBXNativeTarget "TemporaryLibrary" */ = {
			isa = XCConfigurationList;
			buildConfigurations = (
				CEAB67891BE233DE007207AA /* Debug */,
				CEAB678A1BE233DE007207AA /* Release */,
			);
			defaultConfigurationIsVisible = 0;
			defaultConfigurationName = Release;
		};
/* End XCConfigurationList section */
	};
	rootObject = CEA9FA391BDFBB9F00EA245A /* Project object */;
}
